
Microsoft Visual Studio Solution File, Format Version 12.00
# Visual Studio Version 16
VisualStudioVersion = 16.0.29409.12
MinimumVisualStudioVersion = 10.0.40219.1
Project("{9A19103F-16F7-4668-BE54-9A1E7A4F7556}") = "MEE7-Discord-Bot", "MEE7-Discord-Bot\MEE7-Discord-Bot.csproj", "{C2694F5E-7DB8-41B3-8920-0A1688EAE09B}"
EndProject
Project("{FAE04EC0-301F-11D3-BF4B-00C04F79EFBC}") = "Windows-Launcher", "Windows-Launcher\Windows-Launcher.csproj", "{A1D1ED7D-A14B-47F9-9A53-BFE0A4353BB7}"
EndProject
Global
	GlobalSection(SolutionConfigurationPlatforms) = preSolution
		Debug|Any CPU = Debug|Any CPU
		Release|Any CPU = Release|Any CPU
	EndGlobalSection
	GlobalSection(ProjectConfigurationPlatforms) = postSolution
		{C2694F5E-7DB8-41B3-8920-0A1688EAE09B}.Debug|Any CPU.ActiveCfg = Debug|Any CPU
		{C2694F5E-7DB8-41B3-8920-0A1688EAE09B}.Debug|Any CPU.Build.0 = Debug|Any CPU
		{C2694F5E-7DB8-41B3-8920-0A1688EAE09B}.Release|Any CPU.ActiveCfg = Release|Any CPU
		{C2694F5E-7DB8-41B3-8920-0A1688EAE09B}.Release|Any CPU.Build.0 = Release|Any CPU
		{A1D1ED7D-A14B-47F9-9A53-BFE0A4353BB7}.Debug|Any CPU.ActiveCfg = Debug|Any CPU
		{A1D1ED7D-A14B-47F9-9A53-BFE0A4353BB7}.Debug|Any CPU.Build.0 = Debug|Any CPU
		{A1D1ED7D-A14B-47F9-9A53-BFE0A4353BB7}.Release|Any CPU.ActiveCfg = Release|Any CPU
		{A1D1ED7D-A14B-47F9-9A53-BFE0A4353BB7}.Release|Any CPU.Build.0 = Release|Any CPU
	EndGlobalSection
	GlobalSection(SolutionProperties) = preSolution
		HideSolutionNode = FALSE
	EndGlobalSection
	GlobalSection(ExtensibilityGlobals) = postSolution
		SolutionGuid = {ECE7ED68-0EA0-402B-81F3-475E440B4460}
	EndGlobalSection
EndGlobal
